
Microsoft Visual Studio Solution File, Format Version 12.00
# Visual Studio 15
Project("{FAE04EC0-301F-11D3-BF4B-00C04F79EFBC}") = "CheeseMVC", "CheeseMVC\CheeseMVC.csproj", "{2FEFCBC3-AB56-4F92-9EB7-ACC6077A45FA}"
EndProject
Global
	GlobalSection(SolutionConfigurationPlatforms) = preSolution
		Debug|Any CPU = Debug|Any CPU
		Release|Any CPU = Release|Any CPU
	EndGlobalSection
	GlobalSection(ProjectConfigurationPlatforms) = postSolution
		{2FEFCBC3-AB56-4F92-9EB7-ACC6077A45FA}.Debug|Any CPU.ActiveCfg = Debug|Any CPU
		{2FEFCBC3-AB56-4F92-9EB7-ACC6077A45FA}.Debug|Any CPU.Build.0 = Debug|Any CPU
		{2FEFCBC3-AB56-4F92-9EB7-ACC6077A45FA}.Release|Any CPU.ActiveCfg = Release|Any CPU
		{2FEFCBC3-AB56-4F92-9EB7-ACC6077A45FA}.Release|Any CPU.Build.0 = Release|Any CPU
	EndGlobalSection
EndGlobal
